
Microsoft Visual Studio Solution File, Format Version 12.00
# Visual Studio Version 16
VisualStudioVersion = 16.0.31624.102
MinimumVisualStudioVersion = 10.0.40219.1
Project("{FAE04EC0-301F-11D3-BF4B-00C04F79EFBC}") = "FP_Client", "FP_Client\FP_Client.csproj", "{9C99AD2E-E12D-49C9-BA5B-B33948656E38}"
EndProject
Global
	GlobalSection(SolutionConfigurationPlatforms) = preSolution
		Debug|Any CPU = Debug|Any CPU
		Release|Any CPU = Release|Any CPU
	EndGlobalSection
	GlobalSection(ProjectConfigurationPlatforms) = postSolution
		{9C99AD2E-E12D-49C9-BA5B-B33948656E38}.Debug|Any CPU.ActiveCfg = Debug|Any CPU
		{9C99AD2E-E12D-49C9-BA5B-B33948656E38}.Debug|Any CPU.Build.0 = Debug|Any CPU
		{9C99AD2E-E12D-49C9-BA5B-B33948656E38}.Release|Any CPU.ActiveCfg = Release|Any CPU
		{9C99AD2E-E12D-49C9-BA5B-B33948656E38}.Release|Any CPU.Build.0 = Release|Any CPU
	EndGlobalSection
	GlobalSection(SolutionProperties) = preSolution
		HideSolutionNode = FALSE
	EndGlobalSection
	GlobalSection(ExtensibilityGlobals) = postSolution
		SolutionGuid = {7CA8450F-AE8B-4FDB-BB10-336C22530B71}
	EndGlobalSection
EndGlobal
